{
  "name": "vsce-vim-mode",
  "version": "1.0.0",
  "lockfileVersion": 3,
  "requires": true,
  "packages": {
    "": {
      "name": "vsce-vim-mode",
      "version": "1.0.0",
      "devDependencies": {
        "@types/node": "18.x",
        "@types/vscode": "^1.84.0"
      },
      "engines": {
        "vscode": "^1.84.0"
      }
    },
    "node_modules/@types/node": {
      "version": "18.19.0",
      "resolved": "https://registry.npmjs.org/@types/node/-/node-18.19.0.tgz",
      "integrity": "sha512-667KNhaD7U29mT5wf+TZUnrzPrlL2GNQ5N0BMjO2oNULhBxX0/FKCkm6JMu0Jh7Z+1LwUlR21ekd7KhIboNFNw==",
      "dev": true,
      "dependencies": {
        "undici-types": "~5.26.4"
      }
    },
    "node_modules/@types/vscode": {
      "version": "1.84.2",
      "resolved": "https://registry.npmjs.org/@types/vscode/-/vscode-1.84.2.tgz",
      "integrity": "sha512-LCe1FvCDMJKkPdLVGYhP0HRJ1PDop2gRVm/zFHiOKwYLBRS7vEV3uOOUId4HMV+L1IxqyS+IZXMmlSMRbZGIAw==",
      "dev": true
    },
    "node_modules/undici-types": {
      "version": "5.26.5",
      "resolved": "https://registry.npmjs.org/undici-types/-/undici-types-5.26.5.tgz",
      "integrity": "sha512-JlCMO+ehdEIKqlFxk6IfVoAUVmgz7cU7zD/h9XZ0qzeosSHmUJVOzSQvvYSYWXkFXC+IfLKSIffhv0sVZup6pA==",
      "dev": true
    }
  }
}
